
Microsoft Visual Studio Solution File, Format Version 12.00
# Visual Studio Version 16
VisualStudioVersion = 16.0.29509.3
MinimumVisualStudioVersion = 10.0.40219.1
Project("{FAE04EC0-301F-11D3-BF4B-00C04F79EFBC}") = "AThing", "AThing.csproj", "{C49E3489-B3BE-436A-BC74-6A657F7926D2}"
EndProject
Global
	GlobalSection(SolutionConfigurationPlatforms) = preSolution
		Debug|Any CPU = Debug|Any CPU
		Release|Any CPU = Release|Any CPU
	EndGlobalSection
	GlobalSection(ProjectConfigurationPlatforms) = postSolution
		{C49E3489-B3BE-436A-BC74-6A657F7926D2}.Debug|Any CPU.ActiveCfg = Debug|Any CPU
		{C49E3489-B3BE-436A-BC74-6A657F7926D2}.Debug|Any CPU.Build.0 = Debug|Any CPU
		{C49E3489-B3BE-436A-BC74-6A657F7926D2}.Release|Any CPU.ActiveCfg = Release|Any CPU
		{C49E3489-B3BE-436A-BC74-6A657F7926D2}.Release|Any CPU.Build.0 = Release|Any CPU
	EndGlobalSection
	GlobalSection(SolutionProperties) = preSolution
		HideSolutionNode = FALSE
	EndGlobalSection
	GlobalSection(ExtensibilityGlobals) = postSolution
		SolutionGuid = {E9114C63-A5EF-4336-887D-5D6021B7F900}
	EndGlobalSection
EndGlobal
